// !$*UTF8*$!
{
	archiveVersion = 1;
	classes = {
	};
	objectVersion = 46;
	objects = {

/* Begin PBXBuildFile section */
		214C7CB31C97BB4E00D864DA /* main.m in Sources */ = {isa = PBXBuildFile; fileRef = 214C7CB21C97BB4E00D864DA /* main.m */; };
		214C7CB61C97BB4E00D864DA /* AppDelegate.m in Sources */ = {isa = PBXBuildFile; fileRef = 214C7CB51C97BB4E00D864DA /* AppDelegate.m */; };
		214C7CB91C97BB4E00D864DA /* ViewController.m in Sources */ = {isa = PBXBuildFile; fileRef = 214C7CB81C97BB4E00D864DA /* ViewController.m */; };
		214C7CBC1C97BB4E00D864DA /* Main.storyboard in Resources */ = {isa = PBXBuildFile; fileRef = 214C7CBA1C97BB4E00D864DA /* Main.storyboard */; };
		214C7CBE1C97BB4E00D864DA /* Assets.xcassets in Resources */ = {isa = PBXBuildFile; fileRef = 214C7CBD1C97BB4E00D864DA /* Assets.xcassets */; };
		214C7CC11C97BB4E00D864DA /* LaunchScreen.storyboard in Resources */ = {isa = PBXBuildFile; fileRef = 214C7CBF1C97BB4E00D864DA /* LaunchScreen.storyboard */; };
		214C7CCC1C97BB4E00D864DA /* TPFrequentlyDemoTests.m in Sources */ = {isa = PBXBuildFile; fileRef = 214C7CCB1C97BB4E00D864DA /* TPFrequentlyDemoTests.m */; };
		214C7CD71C97BB4E00D864DA /* TPFrequentlyDemoUITests.m in Sources */ = {isa = PBXBuildFile; fileRef = 214C7CD61C97BB4E00D864DA /* TPFrequentlyDemoUITests.m */; };
		214C7CEC1C97BB9F00D864DA /* NSString+UUID.m in Sources */ = {isa = PBXBuildFile; fileRef = 214C7CE61C97BB9F00D864DA /* NSString+UUID.m */; };
		214C7CED1C97BB9F00D864DA /* UIColor+TPColor.m in Sources */ = {isa = PBXBuildFile; fileRef = 214C7CE91C97BB9F00D864DA /* UIColor+TPColor.m */; };
		214C7CEE1C97BB9F00D864DA /* UIImage+TPCategory.m in Sources */ = {isa = PBXBuildFile; fileRef = 214C7CEB1C97BB9F00D864DA /* UIImage+TPCategory.m */; };
		214C7CFD1C97DF4100D864DA /* TPAudio.m in Sources */ = {isa = PBXBuildFile; fileRef = 214C7CFA1C97DF4100D864DA /* TPAudio.m */; };
		214C7D441C97EA5300D864DA /* lame.framework in Frameworks */ = {isa = PBXBuildFile; fileRef = 214C7D431C97EA5300D864DA /* lame.framework */; };
		214C7D471C97EF1800D864DA /* UIView+TPCategory.m in Sources */ = {isa = PBXBuildFile; fileRef = 214C7D461C97EF1800D864DA /* UIView+TPCategory.m */; };
		214C7D731C98171000D864DA /* TPSuperBoardViewController.m in Sources */ = {isa = PBXBuildFile; fileRef = 214C7D571C98171000D864DA /* TPSuperBoardViewController.m */; };
		214C7D741C98171000D864DA /* TPSuperBoardImageCropView.m in Sources */ = {isa = PBXBuildFile; fileRef = 214C7D5B1C98171000D864DA /* TPSuperBoardImageCropView.m */; };
		214C7D751C98171000D864DA /* TPSuperBoardImageCropViewController.m in Sources */ = {isa = PBXBuildFile; fileRef = 214C7D5D1C98171000D864DA /* TPSuperBoardImageCropViewController.m */; };
		214C7D761C98171000D864DA /* TPSuperBoardPenStyleModel.m in Sources */ = {isa = PBXBuildFile; fileRef = 214C7D601C98171000D864DA /* TPSuperBoardPenStyleModel.m */; };
		214C7D771C98171000D864DA /* TPWhiteBoard.bundle in Resources */ = {isa = PBXBuildFile; fileRef = 214C7D611C98171000D864DA /* TPWhiteBoard.bundle */; };
		214C7D781C98171000D864DA /* TPSuperBoardBottomView+Function.m in Sources */ = {isa = PBXBuildFile; fileRef = 214C7D641C98171000D864DA /* TPSuperBoardBottomView+Function.m */; };
		214C7D791C98171000D864DA /* TPSuperBoardBottomView.m in Sources */ = {isa = PBXBuildFile; fileRef = 214C7D661C98171000D864DA /* TPSuperBoardBottomView.m */; };
		214C7D7A1C98171000D864DA /* TPSuperBoardCanvasView.m in Sources */ = {isa = PBXBuildFile; fileRef = 214C7D681C98171000D864DA /* TPSuperBoardCanvasView.m */; };
		214C7D7B1C98171000D864DA /* TPSuperBoardColorPickerView.m in Sources */ = {isa = PBXBuildFile; fileRef = 214C7D6A1C98171000D864DA /* TPSuperBoardColorPickerView.m */; };
		214C7D7C1C98171000D864DA /* TPSuperBoardMainView.m in Sources */ = {isa = PBXBuildFile; fileRef = 214C7D6C1C98171000D864DA /* TPSuperBoardMainView.m */; };
		214C7D7D1C98171000D864DA /* TPSuperBoardMiniMapView.m in Sources */ = {isa = PBXBuildFile; fileRef = 214C7D6E1C98171000D864DA /* TPSuperBoardMiniMapView.m */; };
		214C7D7E1C98171000D864DA /* TPSuperBoardRightView.m in Sources */ = {isa = PBXBuildFile; fileRef = 214C7D701C98171000D864DA /* TPSuperBoardRightView.m */; };
		214C7D7F1C98171000D864DA /* TPSuperBoardScrollView.m in Sources */ = {isa = PBXBuildFile; fileRef = 214C7D721C98171000D864DA /* TPSuperBoardScrollView.m */; };
/* End PBXBuildFile section */

/* Begin PBXContainerItemProxy section */
		214C7CC81C97BB4E00D864DA /* PBXContainerItemProxy */ = {
			isa = PBXContainerItemProxy;
			containerPortal = 214C7CA61C97BB4E00D864DA /* Project object */;
			proxyType = 1;
			remoteGlobalIDString = 214C7CAD1C97BB4E00D864DA;
			remoteInfo = TPFrequentlyDemo;
		};
		214C7CD31C97BB4E00D864DA /* PBXContainerItemProxy */ = {
			isa = PBXContainerItemProxy;
			containerPortal = 214C7CA61C97BB4E00D864DA /* Project object */;
			proxyType = 1;
			remoteGlobalIDString = 214C7CAD1C97BB4E00D864DA;
			remoteInfo = TPFrequentlyDemo;
		};
/* End PBXContainerItemProxy section */

/* Begin PBXFileReference section */
		214C7CAE1C97BB4E00D864DA /* TPFrequentlyDemo.app */ = {isa = PBXFileReference; explicitFileType = wrapper.application; includeInIndex = 0; path = TPFrequentlyDemo.app; sourceTree = BUILT_PRODUCTS_DIR; };
		214C7CB21C97BB4E00D864DA /* main.m */ = {isa = PBXFileReference; lastKnownFileType = sourcecode.c.objc; path = main.m; sourceTree = "<group>"; };
		214C7CB41C97BB4E00D864DA /* AppDelegate.h */ = {isa = PBXFileReference; lastKnownFileType = sourcecode.c.h; path = AppDelegate.h; sourceTree = "<group>"; };
		214C7CB51C97BB4E00D864DA /* AppDelegate.m */ = {isa = PBXFileReference; lastKnownFileType = sourcecode.c.objc; path = AppDelegate.m; sourceTree = "<group>"; };
		214C7CB71C97BB4E00D864DA /* ViewController.h */ = {isa = PBXFileReference; lastKnownFileType = sourcecode.c.h; path = ViewController.h; sourceTree = "<group>"; };
		214C7CB81C97BB4E00D864DA /* ViewController.m */ = {isa = PBXFileReference; lastKnownFileType = sourcecode.c.objc; path = ViewController.m; sourceTree = "<group>"; };
		214C7CBB1C97BB4E00D864DA /* Base */ = {isa = PBXFileReference; lastKnownFileType = file.storyboard; name = Base; path = Base.lproj/Main.storyboard; sourceTree = "<group>"; };
		214C7CBD1C97BB4E00D864DA /* Assets.xcassets */ = {isa = PBXFileReference; lastKnownFileType = folder.assetcatalog; path = Assets.xcassets; sourceTree = "<group>"; };
		214C7CC01C97BB4E00D864DA /* Base */ = {isa = PBXFileReference; lastKnownFileType = file.storyboard; name = Base; path = Base.lproj/LaunchScreen.storyboard; sourceTree = "<group>"; };
		214C7CC21C97BB4E00D864DA /* Info.plist */ = {isa = PBXFileReference; lastKnownFileType = text.plist.xml; path = Info.plist; sourceTree = "<group>"; };
		214C7CC71C97BB4E00D864DA /* TPFrequentlyDemoTests.xctest */ = {isa = PBXFileReference; explicitFileType = wrapper.cfbundle; includeInIndex = 0; path = TPFrequentlyDemoTests.xctest; sourceTree = BUILT_PRODUCTS_DIR; };
		214C7CCB1C97BB4E00D864DA /* TPFrequentlyDemoTests.m */ = {isa = PBXFileReference; lastKnownFileType = sourcecode.c.objc; path = TPFrequentlyDemoTests.m; sourceTree = "<group>"; };
		214C7CCD1C97BB4E00D864DA /* Info.plist */ = {isa = PBXFileReference; lastKnownFileType = text.plist.xml; path = Info.plist; sourceTree = "<group>"; };
		214C7CD21C97BB4E00D864DA /* TPFrequentlyDemoUITests.xctest */ = {isa = PBXFileReference; explicitFileType = wrapper.cfbundle; includeInIndex = 0; path = TPFrequentlyDemoUITests.xctest; sourceTree = BUILT_PRODUCTS_DIR; };
		214C7CD61C97BB4E00D864DA /* TPFrequentlyDemoUITests.m */ = {isa = PBXFileReference; lastKnownFileType = sourcecode.c.objc; path = TPFrequentlyDemoUITests.m; sourceTree = "<group>"; };
		214C7CD81C97BB4E00D864DA /* Info.plist */ = {isa = PBXFileReference; lastKnownFileType = text.plist.xml; path = Info.plist; sourceTree = "<group>"; };
		214C7CE51C97BB9F00D864DA /* NSString+UUID.h */ = {isa = PBXFileReference; fileEncoding = 4; lastKnownFileType = sourcecode.c.h; path = "NSString+UUID.h"; sourceTree = "<group>"; };
		214C7CE61C97BB9F00D864DA /* NSString+UUID.m */ = {isa = PBXFileReference; fileEncoding = 4; lastKnownFileType = sourcecode.c.objc; path = "NSString+UUID.m"; sourceTree = "<group>"; };
		214C7CE71C97BB9F00D864DA /* TPBasePreDefine.h */ = {isa = PBXFileReference; fileEncoding = 4; lastKnownFileType = sourcecode.c.h; path = TPBasePreDefine.h; sourceTree = "<group>"; };
		214C7CE81C97BB9F00D864DA /* UIColor+TPColor.h */ = {isa = PBXFileReference; fileEncoding = 4; lastKnownFileType = sourcecode.c.h; path = "UIColor+TPColor.h"; sourceTree = "<group>"; };
		214C7CE91C97BB9F00D864DA /* UIColor+TPColor.m */ = {isa = PBXFileReference; fileEncoding = 4; lastKnownFileType = sourcecode.c.objc; path = "UIColor+TPColor.m"; sourceTree = "<group>"; };
		214C7CEA1C97BB9F00D864DA /* UIImage+TPCategory.h */ = {isa = PBXFileReference; fileEncoding = 4; lastKnownFileType = sourcecode.c.h; path = "UIImage+TPCategory.h"; sourceTree = "<group>"; };
		214C7CEB1C97BB9F00D864DA /* UIImage+TPCategory.m */ = {isa = PBXFileReference; fileEncoding = 4; lastKnownFileType = sourcecode.c.objc; path = "UIImage+TPCategory.m"; sourceTree = "<group>"; };
		214C7CF91C97DF4100D864DA /* TPAudio.h */ = {isa = PBXFileReference; fileEncoding = 4; lastKnownFileType = sourcecode.c.h; path = TPAudio.h; sourceTree = "<group>"; };
		214C7CFA1C97DF4100D864DA /* TPAudio.m */ = {isa = PBXFileReference; fileEncoding = 4; lastKnownFileType = sourcecode.c.objc; path = TPAudio.m; sourceTree = "<group>"; };
		214C7D431C97EA5300D864DA /* lame.framework */ = {isa = PBXFileReference; lastKnownFileType = wrapper.framework; path = lame.framework; sourceTree = "<group>"; };
		214C7D451C97EF1800D864DA /* UIView+TPCategory.h */ = {isa = PBXFileReference; fileEncoding = 4; lastKnownFileType = sourcecode.c.h; path = "UIView+TPCategory.h"; sourceTree = "<group>"; };
		214C7D461C97EF1800D864DA /* UIView+TPCategory.m */ = {isa = PBXFileReference; fileEncoding = 4; lastKnownFileType = sourcecode.c.objc; path = "UIView+TPCategory.m"; sourceTree = "<group>"; };
		214C7D561C98171000D864DA /* TPSuperBoardViewController.h */ = {isa = PBXFileReference; fileEncoding = 4; lastKnownFileType = sourcecode.c.h; path = TPSuperBoardViewController.h; sourceTree = "<group>"; };
		214C7D571C98171000D864DA /* TPSuperBoardViewController.m */ = {isa = PBXFileReference; fileEncoding = 4; lastKnownFileType = sourcecode.c.objc; path = TPSuperBoardViewController.m; sourceTree = "<group>"; };
		214C7D591C98171000D864DA /* TPSuperboardDefine.h */ = {isa = PBXFileReference; fileEncoding = 4; lastKnownFileType = sourcecode.c.h; path = TPSuperboardDefine.h; sourceTree = "<group>"; };
		214C7D5A1C98171000D864DA /* TPSuperBoardImageCropView.h */ = {isa = PBXFileReference; fileEncoding = 4; lastKnownFileType = sourcecode.c.h; path = TPSuperBoardImageCropView.h; sourceTree = "<group>"; };
		214C7D5B1C98171000D864DA /* TPSuperBoardImageCropView.m */ = {isa = PBXFileReference; fileEncoding = 4; lastKnownFileType = sourcecode.c.objc; path = TPSuperBoardImageCropView.m; sourceTree = "<group>"; };
		214C7D5C1C98171000D864DA /* TPSuperBoardImageCropViewController.h */ = {isa = PBXFileReference; fileEncoding = 4; lastKnownFileType = sourcecode.c.h; path = TPSuperBoardImageCropViewController.h; sourceTree = "<group>"; };
		214C7D5D1C98171000D864DA /* TPSuperBoardImageCropViewController.m */ = {isa = PBXFileReference; fileEncoding = 4; lastKnownFileType = sourcecode.c.objc; path = TPSuperBoardImageCropViewController.m; sourceTree = "<group>"; };
		214C7D5F1C98171000D864DA /* TPSuperBoardPenStyleModel.h */ = {isa = PBXFileReference; fileEncoding = 4; lastKnownFileType = sourcecode.c.h; path = TPSuperBoardPenStyleModel.h; sourceTree = "<group>"; };
		214C7D601C98171000D864DA /* TPSuperBoardPenStyleModel.m */ = {isa = PBXFileReference; fileEncoding = 4; lastKnownFileType = sourcecode.c.objc; path = TPSuperBoardPenStyleModel.m; sourceTree = "<group>"; };
		214C7D611C98171000D864DA /* TPWhiteBoard.bundle */ = {isa = PBXFileReference; lastKnownFileType = "wrapper.plug-in"; path = TPWhiteBoard.bundle; sourceTree = "<group>"; };
		214C7D631C98171000D864DA /* TPSuperBoardBottomView+Function.h */ = {isa = PBXFileReference; fileEncoding = 4; lastKnownFileType = sourcecode.c.h; path = "TPSuperBoardBottomView+Function.h"; sourceTree = "<group>"; };
		214C7D641C98171000D864DA /* TPSuperBoardBottomView+Function.m */ = {isa = PBXFileReference; fileEncoding = 4; lastKnownFileType = sourcecode.c.objc; path = "TPSuperBoardBottomView+Function.m"; sourceTree = "<group>"; };
		214C7D651C98171000D864DA /* TPSuperBoardBottomView.h */ = {isa = PBXFileReference; fileEncoding = 4; lastKnownFileType = sourcecode.c.h; path = TPSuperBoardBottomView.h; sourceTree = "<group>"; };
		214C7D661C98171000D864DA /* TPSuperBoardBottomView.m */ = {isa = PBXFileReference; fileEncoding = 4; lastKnownFileType = sourcecode.c.objc; path = TPSuperBoardBottomView.m; sourceTree = "<group>"; };
		214C7D671C98171000D864DA /* TPSuperBoardCanvasView.h */ = {isa = PBXFileReference; fileEncoding = 4; lastKnownFileType = sourcecode.c.h; path = TPSuperBoardCanvasView.h; sourceTree = "<group>"; };
		214C7D681C98171000D864DA /* TPSuperBoardCanvasView.m */ = {isa = PBXFileReference; fileEncoding = 4; lastKnownFileType = sourcecode.c.objc; path = TPSuperBoardCanvasView.m; sourceTree = "<group>"; };
		214C7D691C98171000D864DA /* TPSuperBoardColorPickerView.h */ = {isa = PBXFileReference; fileEncoding = 4; lastKnownFileType = sourcecode.c.h; path = TPSuperBoardColorPickerView.h; sourceTree = "<group>"; };
		214C7D6A1C98171000D864DA /* TPSuperBoardColorPickerView.m */ = {isa = PBXFileReference; fileEncoding = 4; lastKnownFileType = sourcecode.c.objc; path = TPSuperBoardColorPickerView.m; sourceTree = "<group>"; };
		214C7D6B1C98171000D864DA /* TPSuperBoardMainView.h */ = {isa = PBXFileReference; fileEncoding = 4; lastKnownFileType = sourcecode.c.h; path = TPSuperBoardMainView.h; sourceTree = "<group>"; };
		214C7D6C1C98171000D864DA /* TPSuperBoardMainView.m */ = {isa = PBXFileReference; fileEncoding = 4; lastKnownFileType = sourcecode.c.objc; path = TPSuperBoardMainView.m; sourceTree = "<group>"; };
		214C7D6D1C98171000D864DA /* TPSuperBoardMiniMapView.h */ = {isa = PBXFileReference; fileEncoding = 4; lastKnownFileType = sourcecode.c.h; path = TPSuperBoardMiniMapView.h; sourceTree = "<group>"; };
		214C7D6E1C98171000D864DA /* TPSuperBoardMiniMapView.m */ = {isa = PBXFileReference; fileEncoding = 4; lastKnownFileType = sourcecode.c.objc; path = TPSuperBoardMiniMapView.m; sourceTree = "<group>"; };
		214C7D6F1C98171000D864DA /* TPSuperBoardRightView.h */ = {isa = PBXFileReference; fileEncoding = 4; lastKnownFileType = sourcecode.c.h; path = TPSuperBoardRightView.h; sourceTree = "<group>"; };
		214C7D701C98171000D864DA /* TPSuperBoardRightView.m */ = {isa = PBXFileReference; fileEncoding = 4; lastKnownFileType = sourcecode.c.objc; path = TPSuperBoardRightView.m; sourceTree = "<group>"; };
		214C7D711C98171000D864DA /* TPSuperBoardScrollView.h */ = {isa = PBXFileReference; fileEncoding = 4; lastKnownFileType = sourcecode.c.h; path = TPSuperBoardScrollView.h; sourceTree = "<group>"; };
		214C7D721C98171000D864DA /* TPSuperBoardScrollView.m */ = {isa = PBXFileReference; fileEncoding = 4; lastKnownFileType = sourcecode.c.objc; path = TPSuperBoardScrollView.m; sourceTree = "<group>"; };
/* End PBXFileReference section */

/* Begin PBXFrameworksBuildPhase section */
		214C7CAB1C97BB4E00D864DA /* Frameworks */ = {
			isa = PBXFrameworksBuildPhase;
			buildActionMask = 2147483647;
			files = (
				214C7D441C97EA5300D864DA /* lame.framework in Frameworks */,
			);
			runOnlyForDeploymentPostprocessing = 0;
		};
		214C7CC41C97BB4E00D864DA /* Frameworks */ = {
			isa = PBXFrameworksBuildPhase;
			buildActionMask = 2147483647;
			files = (
			);
			runOnlyForDeploymentPostprocessing = 0;
		};
		214C7CCF1C97BB4E00D864DA /* Frameworks */ = {
			isa = PBXFrameworksBuildPhase;
			buildActionMask = 2147483647;
			files = (
			);
			runOnlyForDeploymentPostprocessing = 0;
		};
/* End PBXFrameworksBuildPhase section */

/* Begin PBXGroup section */
		214C7CA51C97BB4E00D864DA = {
			isa = PBXGroup;
			children = (
				214C7CF61C97DF4100D864DA /* TPAudio */,
				214C7CF41C97BFBD00D864DA /* TPView */,
				214C7CE41C97BB9F00D864DA /* Category */,
				214C7CB01C97BB4E00D864DA /* TPFrequentlyDemo */,
				214C7CCA1C97BB4E00D864DA /* TPFrequentlyDemoTests */,
				214C7CD51C97BB4E00D864DA /* TPFrequentlyDemoUITests */,
				214C7CAF1C97BB4E00D864DA /* Products */,
			);
			sourceTree = "<group>";
		};
		214C7CAF1C97BB4E00D864DA /* Products */ = {
			isa = PBXGroup;
			children = (
				214C7CAE1C97BB4E00D864DA /* TPFrequentlyDemo.app */,
				214C7CC71C97BB4E00D864DA /* TPFrequentlyDemoTests.xctest */,
				214C7CD21C97BB4E00D864DA /* TPFrequentlyDemoUITests.xctest */,
			);
			name = Products;
			sourceTree = "<group>";
		};
		214C7CB01C97BB4E00D864DA /* TPFrequentlyDemo */ = {
			isa = PBXGroup;
			children = (
				214C7CB41C97BB4E00D864DA /* AppDelegate.h */,
				214C7CB51C97BB4E00D864DA /* AppDelegate.m */,
				214C7CB71C97BB4E00D864DA /* ViewController.h */,
				214C7CB81C97BB4E00D864DA /* ViewController.m */,
				214C7CBA1C97BB4E00D864DA /* Main.storyboard */,
				214C7CBD1C97BB4E00D864DA /* Assets.xcassets */,
				214C7CBF1C97BB4E00D864DA /* LaunchScreen.storyboard */,
				214C7CC21C97BB4E00D864DA /* Info.plist */,
				214C7CB11C97BB4E00D864DA /* Supporting Files */,
			);
			path = TPFrequentlyDemo;
			sourceTree = "<group>";
		};
		214C7CB11C97BB4E00D864DA /* Supporting Files */ = {
			isa = PBXGroup;
			children = (
				214C7CB21C97BB4E00D864DA /* main.m */,
			);
			name = "Supporting Files";
			sourceTree = "<group>";
		};
		214C7CCA1C97BB4E00D864DA /* TPFrequentlyDemoTests */ = {
			isa = PBXGroup;
			children = (
				214C7CCB1C97BB4E00D864DA /* TPFrequentlyDemoTests.m */,
				214C7CCD1C97BB4E00D864DA /* Info.plist */,
			);
			path = TPFrequentlyDemoTests;
			sourceTree = "<group>";
		};
		214C7CD51C97BB4E00D864DA /* TPFrequentlyDemoUITests */ = {
			isa = PBXGroup;
			children = (
				214C7CD61C97BB4E00D864DA /* TPFrequentlyDemoUITests.m */,
				214C7CD81C97BB4E00D864DA /* Info.plist */,
			);
			path = TPFrequentlyDemoUITests;
			sourceTree = "<group>";
		};
		214C7CE41C97BB9F00D864DA /* Category */ = {
			isa = PBXGroup;
			children = (
				214C7CE51C97BB9F00D864DA /* NSString+UUID.h */,
				214C7CE61C97BB9F00D864DA /* NSString+UUID.m */,
				214C7CE71C97BB9F00D864DA /* TPBasePreDefine.h */,
				214C7CE81C97BB9F00D864DA /* UIColor+TPColor.h */,
				214C7CE91C97BB9F00D864DA /* UIColor+TPColor.m */,
				214C7CEA1C97BB9F00D864DA /* UIImage+TPCategory.h */,
				214C7CEB1C97BB9F00D864DA /* UIImage+TPCategory.m */,
				214C7D451C97EF1800D864DA /* UIView+TPCategory.h */,
				214C7D461C97EF1800D864DA /* UIView+TPCategory.m */,
			);
			path = Category;
			sourceTree = "<group>";
		};
		214C7CF41C97BFBD00D864DA /* TPView */ = {
			isa = PBXGroup;
			children = (
				214C7D541C98171000D864DA /* SuperBoard */,
				214C7CF51C97BFBD00D864DA /* TPMenuItemsView */,
			);
			path = TPView;
			sourceTree = "<group>";
		};
		214C7CF51C97BFBD00D864DA /* TPMenuItemsView */ = {
			isa = PBXGroup;
			children = (
			);
			path = TPMenuItemsView;
			sourceTree = "<group>";
		};
		214C7CF61C97DF4100D864DA /* TPAudio */ = {
			isa = PBXGroup;
			children = (
				214C7D431C97EA5300D864DA /* lame.framework */,
				214C7CF91C97DF4100D864DA /* TPAudio.h */,
				214C7CFA1C97DF4100D864DA /* TPAudio.m */,
			);
			path = TPAudio;
			sourceTree = "<group>";
		};
		214C7D541C98171000D864DA /* SuperBoard */ = {
			isa = PBXGroup;
			children = (
				214C7D551C98171000D864DA /* Controller */,
				214C7D581C98171000D864DA /* Func */,
				214C7D5E1C98171000D864DA /* Model */,
				214C7D611C98171000D864DA /* TPWhiteBoard.bundle */,
				214C7D621C98171000D864DA /* View */,
			);
			path = SuperBoard;
			sourceTree = "<group>";
		};
		214C7D551C98171000D864DA /* Controller */ = {
			isa = PBXGroup;
			children = (
				214C7D561C98171000D864DA /* TPSuperBoardViewController.h */,
				214C7D571C98171000D864DA /* TPSuperBoardViewController.m */,
			);
			path = Controller;
			sourceTree = "<group>";
		};
		214C7D581C98171000D864DA /* Func */ = {
			isa = PBXGroup;
			children = (
				214C7D591C98171000D864DA /* TPSuperboardDefine.h */,
				214C7D5A1C98171000D864DA /* TPSuperBoardImageCropView.h */,
				214C7D5B1C98171000D864DA /* TPSuperBoardImageCropView.m */,
				214C7D5C1C98171000D864DA /* TPSuperBoardImageCropViewController.h */,
				214C7D5D1C98171000D864DA /* TPSuperBoardImageCropViewController.m */,
			);
			path = Func;
			sourceTree = "<group>";
		};
		214C7D5E1C98171000D864DA /* Model */ = {
			isa = PBXGroup;
			children = (
				214C7D5F1C98171000D864DA /* TPSuperBoardPenStyleModel.h */,
				214C7D601C98171000D864DA /* TPSuperBoardPenStyleModel.m */,
			);
			path = Model;
			sourceTree = "<group>";
		};
		214C7D621C98171000D864DA /* View */ = {
			isa = PBXGroup;
			children = (
				214C7D631C98171000D864DA /* TPSuperBoardBottomView+Function.h */,
				214C7D641C98171000D864DA /* TPSuperBoardBottomView+Function.m */,
				214C7D651C98171000D864DA /* TPSuperBoardBottomView.h */,
				214C7D661C98171000D864DA /* TPSuperBoardBottomView.m */,
				214C7D671C98171000D864DA /* TPSuperBoardCanvasView.h */,
				214C7D681C98171000D864DA /* TPSuperBoardCanvasView.m */,
				214C7D691C98171000D864DA /* TPSuperBoardColorPickerView.h */,
				214C7D6A1C98171000D864DA /* TPSuperBoardColorPickerView.m */,
				214C7D6B1C98171000D864DA /* TPSuperBoardMainView.h */,
				214C7D6C1C98171000D864DA /* TPSuperBoardMainView.m */,
				214C7D6D1C98171000D864DA /* TPSuperBoardMiniMapView.h */,
				214C7D6E1C98171000D864DA /* TPSuperBoardMiniMapView.m */,
				214C7D6F1C98171000D864DA /* TPSuperBoardRightView.h */,
				214C7D701C98171000D864DA /* TPSuperBoardRightView.m */,
				214C7D711C98171000D864DA /* TPSuperBoardScrollView.h */,
				214C7D721C98171000D864DA /* TPSuperBoardScrollView.m */,
			);
			path = View;
			sourceTree = "<group>";
		};
/* End PBXGroup section */

/* Begin PBXNativeTarget section */
		214C7CAD1C97BB4E00D864DA /* TPFrequentlyDemo */ = {
			isa = PBXNativeTarget;
			buildConfigurationList = 214C7CDB1C97BB4E00D864DA /* Build configuration list for PBXNativeTarget "TPFrequentlyDemo" */;
			buildPhases = (
				214C7CAA1C97BB4E00D864DA /* Sources */,
				214C7CAB1C97BB4E00D864DA /* Frameworks */,
				214C7CAC1C97BB4E00D864DA /* Resources */,
			);
			buildRules = (
			);
			dependencies = (
			);
			name = TPFrequentlyDemo;
			productName = TPFrequentlyDemo;
			productReference = 214C7CAE1C97BB4E00D864DA /* TPFrequentlyDemo.app */;
			productType = "com.apple.product-type.application";
		};
		214C7CC61C97BB4E00D864DA /* TPFrequentlyDemoTests */ = {
			isa = PBXNativeTarget;
			buildConfigurationList = 214C7CDE1C97BB4E00D864DA /* Build configuration list for PBXNativeTarget "TPFrequentlyDemoTests" */;
			buildPhases = (
				214C7CC31C97BB4E00D864DA /* Sources */,
				214C7CC41C97BB4E00D864DA /* Frameworks */,
				214C7CC51C97BB4E00D864DA /* Resources */,
			);
			buildRules = (
			);
			dependencies = (
				214C7CC91C97BB4E00D864DA /* PBXTargetDependency */,
			);
			name = TPFrequentlyDemoTests;
			productName = TPFrequentlyDemoTests;
			productReference = 214C7CC71C97BB4E00D864DA /* TPFrequentlyDemoTests.xctest */;
			productType = "com.apple.product-type.bundle.unit-test";
		};
		214C7CD11C97BB4E00D864DA /* TPFrequentlyDemoUITests */ = {
			isa = PBXNativeTarget;
			buildConfigurationList = 214C7CE11C97BB4E00D864DA /* Build configuration list for PBXNativeTarget "TPFrequentlyDemoUITests" */;
			buildPhases = (
				214C7CCE1C97BB4E00D864DA /* Sources */,
				214C7CCF1C97BB4E00D864DA /* Frameworks */,
				214C7CD01C97BB4E00D864DA /* Resources */,
			);
			buildRules = (
			);
			dependencies = (
				214C7CD41C97BB4E00D864DA /* PBXTargetDependency */,
			);
			name = TPFrequentlyDemoUITests;
			productName = TPFrequentlyDemoUITests;
			productReference = 214C7CD21C97BB4E00D864DA /* TPFrequentlyDemoUITests.xctest */;
			productType = "com.apple.product-type.bundle.ui-testing";
		};
/* End PBXNativeTarget section */

/* Begin PBXProject section */
		214C7CA61C97BB4E00D864DA /* Project object */ = {
			isa = PBXProject;
			attributes = {
				LastUpgradeCheck = 0720;
				ORGANIZATIONNAME = wp;
				TargetAttributes = {
					214C7CAD1C97BB4E00D864DA = {
						CreatedOnToolsVersion = 7.2;
					};
					214C7CC61C97BB4E00D864DA = {
						CreatedOnToolsVersion = 7.2;
						TestTargetID = 214C7CAD1C97BB4E00D864DA;
					};
					214C7CD11C97BB4E00D864DA = {
						CreatedOnToolsVersion = 7.2;
						TestTargetID = 214C7CAD1C97BB4E00D864DA;
					};
				};
			};
			buildConfigurationList = 214C7CA91C97BB4E00D864DA /* Build configuration list for PBXProject "TPFrequentlyDemo" */;
			compatibilityVersion = "Xcode 3.2";
			developmentRegion = English;
			hasScannedForEncodings = 0;
			knownRegions = (
				en,
				Base,
			);
			mainGroup = 214C7CA51C97BB4E00D864DA;
			productRefGroup = 214C7CAF1C97BB4E00D864DA /* Products */;
			projectDirPath = "";
			projectRoot = "";
			targets = (
				214C7CAD1C97BB4E00D864DA /* TPFrequentlyDemo */,
				214C7CC61C97BB4E00D864DA /* TPFrequentlyDemoTests */,
				214C7CD11C97BB4E00D864DA /* TPFrequentlyDemoUITests */,
			);
		};
/* End PBXProject section */

/* Begin PBXResourcesBuildPhase section */
		214C7CAC1C97BB4E00D864DA /* Resources */ = {
			isa = PBXResourcesBuildPhase;
			buildActionMask = 2147483647;
			files = (
				214C7D771C98171000D864DA /* TPWhiteBoard.bundle in Resources */,
				214C7CC11C97BB4E00D864DA /* LaunchScreen.storyboard in Resources */,
				214C7CBE1C97BB4E00D864DA /* Assets.xcassets in Resources */,
				214C7CBC1C97BB4E00D864DA /* Main.storyboard in Resources */,
			);
			runOnlyForDeploymentPostprocessing = 0;
		};
		214C7CC51C97BB4E00D864DA /* Resources */ = {
			isa = PBXResourcesBuildPhase;
			buildActionMask = 2147483647;
			files = (
			);
			runOnlyForDeploymentPostprocessing = 0;
		};
		214C7CD01C97BB4E00D864DA /* Resources */ = {
			isa = PBXResourcesBuildPhase;
			buildActionMask = 2147483647;
			files = (
			);
			runOnlyForDeploymentPostprocessing = 0;
		};
/* End PBXResourcesBuildPhase section */

/* Begin PBXSourcesBuildPhase section */
		214C7CAA1C97BB4E00D864DA /* Sources */ = {
			isa = PBXSourcesBuildPhase;
			buildActionMask = 2147483647;
			files = (
				214C7D7F1C98171000D864DA /* TPSuperBoardScrollView.m in Sources */,
				214C7CEC1C97BB9F00D864DA /* NSString+UUID.m in Sources */,
				214C7D781C98171000D864DA /* TPSuperBoardBottomView+Function.m in Sources */,
				214C7D7A1C98171000D864DA /* TPSuperBoardCanvasView.m in Sources */,
				214C7D7D1C98171000D864DA /* TPSuperBoardMiniMapView.m in Sources */,
				214C7D741C98171000D864DA /* TPSuperBoardImageCropView.m in Sources */,
				214C7D761C98171000D864DA /* TPSuperBoardPenStyleModel.m in Sources */,
				214C7D7C1C98171000D864DA /* TPSuperBoardMainView.m in Sources */,
				214C7CEE1C97BB9F00D864DA /* UIImage+TPCategory.m in Sources */,
				214C7CFD1C97DF4100D864DA /* TPAudio.m in Sources */,
				214C7CED1C97BB9F00D864DA /* UIColor+TPColor.m in Sources */,
				214C7D731C98171000D864DA /* TPSuperBoardViewController.m in Sources */,
				214C7D791C98171000D864DA /* TPSuperBoardBottomView.m in Sources */,
				214C7D471C97EF1800D864DA /* UIView+TPCategory.m in Sources */,
				214C7D7E1C98171000D864DA /* TPSuperBoardRightView.m in Sources */,
				214C7D7B1C98171000D864DA /* TPSuperBoardColorPickerView.m in Sources */,
				214C7D751C98171000D864DA /* TPSuperBoardImageCropViewController.m in Sources */,
				214C7CB91C97BB4E00D864DA /* ViewController.m in Sources */,
				214C7CB61C97BB4E00D864DA /* AppDelegate.m in Sources */,
				214C7CB31C97BB4E00D864DA /* main.m in Sources */,
			);
			runOnlyForDeploymentPostprocessing = 0;
		};
		214C7CC31C97BB4E00D864DA /* Sources */ = {
			isa = PBXSourcesBuildPhase;
			buildActionMask = 2147483647;
			files = (
				214C7CCC1C97BB4E00D864DA /* TPFrequentlyDemoTests.m in Sources */,
			);
			runOnlyForDeploymentPostprocessing = 0;
		};
		214C7CCE1C97BB4E00D864DA /* Sources */ = {
			isa = PBXSourcesBuildPhase;
			buildActionMask = 2147483647;
			files = (
				214C7CD71C97BB4E00D864DA /* TPFrequentlyDemoUITests.m in Sources */,
			);
			runOnlyForDeploymentPostprocessing = 0;
		};
/* End PBXSourcesBuildPhase section */

/* Begin PBXTargetDependency section */
		214C7CC91C97BB4E00D864DA /* PBXTargetDependency */ = {
			isa = PBXTargetDependency;
			target = 214C7CAD1C97BB4E00D864DA /* TPFrequentlyDemo */;
			targetProxy = 214C7CC81C97BB4E00D864DA /* PBXContainerItemProxy */;
		};
		214C7CD41C97BB4E00D864DA /* PBXTargetDependency */ = {
			isa = PBXTargetDependency;
			target = 214C7CAD1C97BB4E00D864DA /* TPFrequentlyDemo */;
			targetProxy = 214C7CD31C97BB4E00D864DA /* PBXContainerItemProxy */;
		};
/* End PBXTargetDependency section */

/* Begin PBXVariantGroup section */
		214C7CBA1C97BB4E00D864DA /* Main.storyboard */ = {
			isa = PBXVariantGroup;
			children = (
				214C7CBB1C97BB4E00D864DA /* Base */,
			);
			name = Main.storyboard;
			sourceTree = "<group>";
		};
		214C7CBF1C97BB4E00D864DA /* LaunchScreen.storyboard */ = {
			isa = PBXVariantGroup;
			children = (
				214C7CC01C97BB4E00D864DA /* Base */,
			);
			name = LaunchScreen.storyboard;
			sourceTree = "<group>";
		};
/* End PBXVariantGroup section */

/* Begin XCBuildConfiguration section */
		214C7CD91C97BB4E00D864DA /* Debug */ = {
			isa = XCBuildConfiguration;
			buildSettings = {
				ALWAYS_SEARCH_USER_PATHS = NO;
				CLANG_CXX_LANGUAGE_STANDARD = "gnu++0x";
				CLANG_CXX_LIBRARY = "libc++";
				CLANG_ENABLE_MODULES = YES;
				CLANG_ENABLE_OBJC_ARC = YES;
				CLANG_WARN_BOOL_CONVERSION = YES;
				CLANG_WARN_CONSTANT_CONVERSION = YES;
				CLANG_WARN_DIRECT_OBJC_ISA_USAGE = YES_ERROR;
				CLANG_WARN_EMPTY_BODY = YES;
				CLANG_WARN_ENUM_CONVERSION = YES;
				CLANG_WARN_INT_CONVERSION = YES;
				CLANG_WARN_OBJC_ROOT_CLASS = YES_ERROR;
				CLANG_WARN_UNREACHABLE_CODE = YES;
				CLANG_WARN__DUPLICATE_METHOD_MATCH = YES;
				"CODE_SIGN_IDENTITY[sdk=iphoneos*]" = "iPhone Developer";
				COPY_PHASE_STRIP = NO;
				DEBUG_INFORMATION_FORMAT = dwarf;
				ENABLE_STRICT_OBJC_MSGSEND = YES;
				ENABLE_TESTABILITY = YES;
				GCC_C_LANGUAGE_STANDARD = gnu99;
				GCC_DYNAMIC_NO_PIC = NO;
				GCC_NO_COMMON_BLOCKS = YES;
				GCC_OPTIMIZATION_LEVEL = 0;
				GCC_PREPROCESSOR_DEFINITIONS = (
					"DEBUG=1",
					"$(inherited)",
				);
				GCC_WARN_64_TO_32_BIT_CONVERSION = YES;
				GCC_WARN_ABOUT_RETURN_TYPE = YES_ERROR;
				GCC_WARN_UNDECLARED_SELECTOR = YES;
				GCC_WARN_UNINITIALIZED_AUTOS = YES_AGGRESSIVE;
				GCC_WARN_UNUSED_FUNCTION = YES;
				GCC_WARN_UNUSED_VARIABLE = YES;
				IPHONEOS_DEPLOYMENT_TARGET = 9.2;
				MTL_ENABLE_DEBUG_INFO = YES;
				ONLY_ACTIVE_ARCH = YES;
				SDKROOT = iphoneos;
				TARGETED_DEVICE_FAMILY = "1,2";
			};
			name = Debug;
		};
		214C7CDA1C97BB4E00D864DA /* Release */ = {
			isa = XCBuildConfiguration;
			buildSettings = {
				ALWAYS_SEARCH_USER_PATHS = NO;
				CLANG_CXX_LANGUAGE_STANDARD = "gnu++0x";
				CLANG_CXX_LIBRARY = "libc++";
				CLANG_ENABLE_MODULES = YES;
				CLANG_ENABLE_OBJC_ARC = YES;
				CLANG_WARN_BOOL_CONVERSION = YES;
				CLANG_WARN_CONSTANT_CONVERSION = YES;
				CLANG_WARN_DIRECT_OBJC_ISA_USAGE = YES_ERROR;
				CLANG_WARN_EMPTY_BODY = YES;
				CLANG_WARN_ENUM_CONVERSION = YES;
				CLANG_WARN_INT_CONVERSION = YES;
				CLANG_WARN_OBJC_ROOT_CLASS = YES_ERROR;
				CLANG_WARN_UNREACHABLE_CODE = YES;
				CLANG_WARN__DUPLICATE_METHOD_MATCH = YES;
				"CODE_SIGN_IDENTITY[sdk=iphoneos*]" = "iPhone Developer";
				COPY_PHASE_STRIP = NO;
				DEBUG_INFORMATION_FORMAT = "dwarf-with-dsym";
				ENABLE_NS_ASSERTIONS = NO;
				ENABLE_STRICT_OBJC_MSGSEND = YES;
				GCC_C_LANGUAGE_STANDARD = gnu99;
				GCC_NO_COMMON_BLOCKS = YES;
				GCC_WARN_64_TO_32_BIT_CONVERSION = YES;
				GCC_WARN_ABOUT_RETURN_TYPE = YES_ERROR;
				GCC_WARN_UNDECLARED_SELECTOR = YES;
				GCC_WARN_UNINITIALIZED_AUTOS = YES_AGGRESSIVE;
				GCC_WARN_UNUSED_FUNCTION = YES;
				GCC_WARN_UNUSED_VARIABLE = YES;
				IPHONEOS_DEPLOYMENT_TARGET = 9.2;
				MTL_ENABLE_DEBUG_INFO = NO;
				SDKROOT = iphoneos;
				TARGETED_DEVICE_FAMILY = "1,2";
				VALIDATE_PRODUCT = YES;
			};
			name = Release;
		};
		214C7CDC1C97BB4E00D864DA /* Debug */ = {
			isa = XCBuildConfiguration;
			buildSettings = {
				ASSETCATALOG_COMPILER_APPICON_NAME = AppIcon;
				FRAMEWORK_SEARCH_PATHS = (
					"$(inherited)",
					"$(PROJECT_DIR)/TPAudio",
				);
				INFOPLIST_FILE = TPFrequentlyDemo/Info.plist;
				LD_RUNPATH_SEARCH_PATHS = "$(inherited) @executable_path/Frameworks";
				LIBRARY_SEARCH_PATHS = (
					"$(inherited)",
					"$(PROJECT_DIR)/TPAudio",
				);
				PRODUCT_BUNDLE_IDENTIFIER = com.wp.TPFrequentlyDemo;
				PRODUCT_NAME = "$(TARGET_NAME)";
			};
			name = Debug;
		};
		214C7CDD1C97BB4E00D864DA /* Release */ = {
			isa = XCBuildConfiguration;
			buildSettings = {
				ASSETCATALOG_COMPILER_APPICON_NAME = AppIcon;
				FRAMEWORK_SEARCH_PATHS = (
					"$(inherited)",
					"$(PROJECT_DIR)/TPAudio",
				);
				INFOPLIST_FILE = TPFrequentlyDemo/Info.plist;
				LD_RUNPATH_SEARCH_PATHS = "$(inherited) @executable_path/Frameworks";
				LIBRARY_SEARCH_PATHS = (
					"$(inherited)",
					"$(PROJECT_DIR)/TPAudio",
				);
				PRODUCT_BUNDLE_IDENTIFIER = com.wp.TPFrequentlyDemo;
				PRODUCT_NAME = "$(TARGET_NAME)";
			};
			name = Release;
		};
		214C7CDF1C97BB4E00D864DA /* Debug */ = {
			isa = XCBuildConfiguration;
			buildSettings = {
				BUNDLE_LOADER = "$(TEST_HOST)";
				INFOPLIST_FILE = TPFrequentlyDemoTests/Info.plist;
				LD_RUNPATH_SEARCH_PATHS = "$(inherited) @executable_path/Frameworks @loader_path/Frameworks";
				PRODUCT_BUNDLE_IDENTIFIER = com.wp.TPFrequentlyDemoTests;
				PRODUCT_NAME = "$(TARGET_NAME)";
				TEST_HOST = "$(BUILT_PRODUCTS_DIR)/TPFrequentlyDemo.app/TPFrequentlyDemo";
			};
			name = Debug;
		};
		214C7CE01C97BB4E00D864DA /* Release */ = {
			isa = XCBuildConfiguration;
			buildSettings = {
				BUNDLE_LOADER = "$(TEST_HOST)";
				INFOPLIST_FILE = TPFrequentlyDemoTests/Info.plist;
				LD_RUNPATH_SEARCH_PATHS = "$(inherited) @executable_path/Frameworks @loader_path/Frameworks";
				PRODUCT_BUNDLE_IDENTIFIER = com.wp.TPFrequentlyDemoTests;
				PRODUCT_NAME = "$(TARGET_NAME)";
				TEST_HOST = "$(BUILT_PRODUCTS_DIR)/TPFrequentlyDemo.app/TPFrequentlyDemo";
			};
			name = Release;
		};
		214C7CE21C97BB4E00D864DA /* Debug */ = {
			isa = XCBuildConfiguration;
			buildSettings = {
				INFOPLIST_FILE = TPFrequentlyDemoUITests/Info.plist;
				LD_RUNPATH_SEARCH_PATHS = "$(inherited) @executable_path/Frameworks @loader_path/Frameworks";
				PRODUCT_BUNDLE_IDENTIFIER = com.wp.TPFrequentlyDemoUITests;
				PRODUCT_NAME = "$(TARGET_NAME)";
				TEST_TARGET_NAME = TPFrequentlyDemo;
				USES_XCTRUNNER = YES;
			};
			name = Debug;
		};
		214C7CE31C97BB4E00D864DA /* Release */ = {
			isa = XCBuildConfiguration;
			buildSettings = {
				INFOPLIST_FILE = TPFrequentlyDemoUITests/Info.plist;
				LD_RUNPATH_SEARCH_PATHS = "$(inherited) @executable_path/Frameworks @loader_path/Frameworks";
				PRODUCT_BUNDLE_IDENTIFIER = com.wp.TPFrequentlyDemoUITests;
				PRODUCT_NAME = "$(TARGET_NAME)";
				TEST_TARGET_NAME = TPFrequentlyDemo;
				USES_XCTRUNNER = YES;
			};
			name = Release;
		};
/* End XCBuildConfiguration section */

/* Begin XCConfigurationList section */
		214C7CA91C97BB4E00D864DA /* Build configuration list for PBXProject "TPFrequentlyDemo" */ = {
			isa = XCConfigurationList;
			buildConfigurations = (
				214C7CD91C97BB4E00D864DA /* Debug */,
				214C7CDA1C97BB4E00D864DA /* Release */,
			);
			defaultConfigurationIsVisible = 0;
			defaultConfigurationName = Release;
		};
		214C7CDB1C97BB4E00D864DA /* Build configuration list for PBXNativeTarget "TPFrequentlyDemo" */ = {
			isa = XCConfigurationList;
			buildConfigurations = (
				214C7CDC1C97BB4E00D864DA /* Debug */,
				214C7CDD1C97BB4E00D864DA /* Release */,
			);
			defaultConfigurationIsVisible = 0;
			defaultConfigurationName = Release;
		};
		214C7CDE1C97BB4E00D864DA /* Build configuration list for PBXNativeTarget "TPFrequentlyDemoTests" */ = {
			isa = XCConfigurationList;
			buildConfigurations = (
				214C7CDF1C97BB4E00D864DA /* Debug */,
				214C7CE01C97BB4E00D864DA /* Release */,
			);
			defaultConfigurationIsVisible = 0;
			defaultConfigurationName = Release;
		};
		214C7CE11C97BB4E00D864DA /* Build configuration list for PBXNativeTarget "TPFrequentlyDemoUITests" */ = {
			isa = XCConfigurationList;
			buildConfigurations = (
				214C7CE21C97BB4E00D864DA /* Debug */,
				214C7CE31C97BB4E00D864DA /* Release */,
			);
			defaultConfigurationIsVisible = 0;
			defaultConfigurationName = Release;
		};
/* End XCConfigurationList section */
	};
	rootObject = 214C7CA61C97BB4E00D864DA /* Project object */;
}
